// !$*UTF8*$!
{
	archiveVersion = 1;
	classes = {
	};
	objectVersion = 51;
	objects = {

/* Begin PBXBuildFile section */
		346955A123F420D000DCDC68 /* AppDelegate.swift in Sources */ = {isa = PBXBuildFile; fileRef = 346955A023F420D000DCDC68 /* AppDelegate.swift */; };
		346955A523F420D000DCDC68 /* ViewController.swift in Sources */ = {isa = PBXBuildFile; fileRef = 346955A423F420D000DCDC68 /* ViewController.swift */; };
		346955A823F420D000DCDC68 /* Main.storyboard in Resources */ = {isa = PBXBuildFile; fileRef = 346955A623F420D000DCDC68 /* Main.storyboard */; };
		346955AA23F420D100DCDC68 /* Assets.xcassets in Resources */ = {isa = PBXBuildFile; fileRef = 346955A923F420D100DCDC68 /* Assets.xcassets */; };
		346955AD23F420D100DCDC68 /* LaunchScreen.storyboard in Resources */ = {isa = PBXBuildFile; fileRef = 346955AB23F420D100DCDC68 /* LaunchScreen.storyboard */; };
		346955B523F4254C00DCDC68 /* GoogleService-Info.plist in Resources */ = {isa = PBXBuildFile; fileRef = 346955B423F4254C00DCDC68 /* GoogleService-Info.plist */; };
		346955B723F42ED300DCDC68 /* SceneDelegate.swift in Sources */ = {isa = PBXBuildFile; fileRef = 346955B623F42ED300DCDC68 /* SceneDelegate.swift */; };
		379DFC014B7654C610BCCDA2 /* Pods_MyWall.framework in Frameworks */ = {isa = PBXBuildFile; fileRef = 8C9A976B80F1D18FF0C0AC36 /* Pods_MyWall.framework */; };
/* End PBXBuildFile section */

/* Begin PBXFileReference section */
		14CB56082D408B3722DA523E /* Pods-MyWall.debug.xcconfig */ = {isa = PBXFileReference; includeInIndex = 1; lastKnownFileType = text.xcconfig; name = "Pods-MyWall.debug.xcconfig"; path = "Target Support Files/Pods-MyWall/Pods-MyWall.debug.xcconfig"; sourceTree = "<group>"; };
		3469559D23F420D000DCDC68 /* MyWall.app */ = {isa = PBXFileReference; explicitFileType = wrapper.application; includeInIndex = 0; path = MyWall.app; sourceTree = BUILT_PRODUCTS_DIR; };
		346955A023F420D000DCDC68 /* AppDelegate.swift */ = {isa = PBXFileReference; lastKnownFileType = sourcecode.swift; path = AppDelegate.swift; sourceTree = "<group>"; };
		346955A423F420D000DCDC68 /* ViewController.swift */ = {isa = PBXFileReference; lastKnownFileType = sourcecode.swift; path = ViewController.swift; sourceTree = "<group>"; };
		346955A723F420D000DCDC68 /* Base */ = {isa = PBXFileReference; lastKnownFileType = file.storyboard; name = Base; path = Base.lproj/Main.storyboard; sourceTree = "<group>"; };
		346955A923F420D100DCDC68 /* Assets.xcassets */ = {isa = PBXFileReference; lastKnownFileType = folder.assetcatalog; path = Assets.xcassets; sourceTree = "<group>"; };
		346955AC23F420D100DCDC68 /* Base */ = {isa = PBXFileReference; lastKnownFileType = file.storyboard; name = Base; path = Base.lproj/LaunchScreen.storyboard; sourceTree = "<group>"; };
		346955AE23F420D100DCDC68 /* Info.plist */ = {isa = PBXFileReference; lastKnownFileType = text.plist.xml; path = Info.plist; sourceTree = "<group>"; };
		346955B423F4254C00DCDC68 /* GoogleService-Info.plist */ = {isa = PBXFileReference; fileEncoding = 4; lastKnownFileType = text.plist.xml; path = "GoogleService-Info.plist"; sourceTree = "<group>"; };
		346955B623F42ED300DCDC68 /* SceneDelegate.swift */ = {isa = PBXFileReference; fileEncoding = 4; lastKnownFileType = sourcecode.swift; path = SceneDelegate.swift; sourceTree = "<group>"; };
		8C9A976B80F1D18FF0C0AC36 /* Pods_MyWall.framework */ = {isa = PBXFileReference; explicitFileType = wrapper.framework; includeInIndex = 0; path = Pods_MyWall.framework; sourceTree = BUILT_PRODUCTS_DIR; };
		EB3D2C330C45B10EDA647900 /* Pods-MyWall.release.xcconfig */ = {isa = PBXFileReference; includeInIndex = 1; lastKnownFileType = text.xcconfig; name = "Pods-MyWall.release.xcconfig"; path = "Target Support Files/Pods-MyWall/Pods-MyWall.release.xcconfig"; sourceTree = "<group>"; };
/* End PBXFileReference section */

/* Begin PBXFrameworksBuildPhase section */
		3469559A23F420D000DCDC68 /* Frameworks */ = {
			isa = PBXFrameworksBuildPhase;
			buildActionMask = 2147483647;
			files = (
				379DFC014B7654C610BCCDA2 /* Pods_MyWall.framework in Frameworks */,
			);
			runOnlyForDeploymentPostprocessing = 0;
		};
/* End PBXFrameworksBuildPhase section */

/* Begin PBXGroup section */
		3469559423F420D000DCDC68 = {
			isa = PBXGroup;
			children = (
				3469559F23F420D000DCDC68 /* MyWall */,
				3469559E23F420D000DCDC68 /* Products */,
				AD235855D0ECB9B25F5FF1E1 /* Pods */,
				42846DDBF779743992201BDD /* Frameworks */,
			);
			sourceTree = "<group>";
		};
		3469559E23F420D000DCDC68 /* Products */ = {
			isa = PBXGroup;
			children = (
				3469559D23F420D000DCDC68 /* MyWall.app */,
			);
			name = Products;
			sourceTree = "<group>";
		};
		3469559F23F420D000DCDC68 /* MyWall */ = {
			isa = PBXGroup;
			children = (
				346955A023F420D000DCDC68 /* AppDelegate.swift */,
				346955A423F420D000DCDC68 /* ViewController.swift */,
				346955A623F420D000DCDC68 /* Main.storyboard */,
				346955B623F42ED300DCDC68 /* SceneDelegate.swift */,
				346955A923F420D100DCDC68 /* Assets.xcassets */,
				346955AB23F420D100DCDC68 /* LaunchScreen.storyboard */,
				346955B423F4254C00DCDC68 /* GoogleService-Info.plist */,
				346955AE23F420D100DCDC68 /* Info.plist */,
			);
			path = MyWall;
			sourceTree = "<group>";
		};
		42846DDBF779743992201BDD /* Frameworks */ = {
			isa = PBXGroup;
			children = (
				8C9A976B80F1D18FF0C0AC36 /* Pods_MyWall.framework */,
			);
			name = Frameworks;
			sourceTree = "<group>";
		};
		AD235855D0ECB9B25F5FF1E1 /* Pods */ = {
			isa = PBXGroup;
			children = (
				14CB56082D408B3722DA523E /* Pods-MyWall.debug.xcconfig */,
				EB3D2C330C45B10EDA647900 /* Pods-MyWall.release.xcconfig */,
			);
			path = Pods;
			sourceTree = "<group>";
		};
/* End PBXGroup section */

/* Begin PBXNativeTarget section */
		3469559C23F420D000DCDC68 /* MyWall */ = {
			isa = PBXNativeTarget;
			buildConfigurationList = 346955B123F420D100DCDC68 /* Build configuration list for PBXNativeTarget "MyWall" */;
			buildPhases = (
				FF761A46474BB2011A66753B /* [CP] Check Pods Manifest.lock */,
				3469559923F420D000DCDC68 /* Sources */,
				3469559A23F420D000DCDC68 /* Frameworks */,
				3469559B23F420D000DCDC68 /* Resources */,
				DB68516F01321F3C89A5FB6B /* [CP] Embed Pods Frameworks */,
				341F7824A3470B3ADE611B76 /* [CP] Copy Pods Resources */,
			);
			buildRules = (
			);
			dependencies = (
			);
			name = MyWall;
			productName = MyWall;
			productReference = 3469559D23F420D000DCDC68 /* MyWall.app */;
			productType = "com.apple.product-type.application";
		};
/* End PBXNativeTarget section */

/* Begin PBXProject section */
		3469559523F420D000DCDC68 /* Project object */ = {
			isa = PBXProject;
			attributes = {
				LastSwiftUpdateCheck = 1120;
				LastUpgradeCheck = 1120;
				ORGANIZATIONNAME = "Burshtyn, Mariya";
				TargetAttributes = {
					3469559C23F420D000DCDC68 = {
						CreatedOnToolsVersion = 11.2.1;
					};
				};
			};
			buildConfigurationList = 3469559823F420D000DCDC68 /* Build configuration list for PBXProject "MyWall" */;
			compatibilityVersion = "Xcode 9.3";
			developmentRegion = en;
			hasScannedForEncodings = 0;
			knownRegions = (
				en,
				Base,
			);
			mainGroup = 3469559423F420D000DCDC68;
			productRefGroup = 3469559E23F420D000DCDC68 /* Products */;
			projectDirPath = "";
			projectRoot = "";
			targets = (
				3469559C23F420D000DCDC68 /* MyWall */,
			);
		};
/* End PBXProject section */

/* Begin PBXResourcesBuildPhase section */
		3469559B23F420D000DCDC68 /* Resources */ = {
			isa = PBXResourcesBuildPhase;
			buildActionMask = 2147483647;
			files = (
				346955AD23F420D100DCDC68 /* LaunchScreen.storyboard in Resources */,
				346955B523F4254C00DCDC68 /* GoogleService-Info.plist in Resources */,
				346955AA23F420D100DCDC68 /* Assets.xcassets in Resources */,
				346955A823F420D000DCDC68 /* Main.storyboard in Resources */,
			);
			runOnlyForDeploymentPostprocessing = 0;
		};
/* End PBXResourcesBuildPhase section */

/* Begin PBXShellScriptBuildPhase section */
		341F7824A3470B3ADE611B76 /* [CP] Copy Pods Resources */ = {
			isa = PBXShellScriptBuildPhase;
			buildActionMask = 2147483647;
			files = (
			);
			inputFileListPaths = (
				"${PODS_ROOT}/Target Support Files/Pods-MyWall/Pods-MyWall-resources-${CONFIGURATION}-input-files.xcfilelist",
			);
			name = "[CP] Copy Pods Resources";
			outputFileListPaths = (
				"${PODS_ROOT}/Target Support Files/Pods-MyWall/Pods-MyWall-resources-${CONFIGURATION}-output-files.xcfilelist",
			);
			runOnlyForDeploymentPostprocessing = 0;
			shellPath = /bin/sh;
			shellScript = "\"${PODS_ROOT}/Target Support Files/Pods-MyWall/Pods-MyWall-resources.sh\"\n";
			showEnvVarsInLog = 0;
		};
		DB68516F01321F3C89A5FB6B /* [CP] Embed Pods Frameworks */ = {
			isa = PBXShellScriptBuildPhase;
			buildActionMask = 2147483647;
			files = (
			);
			inputFileListPaths = (
				"${PODS_ROOT}/Target Support Files/Pods-MyWall/Pods-MyWall-frameworks-${CONFIGURATION}-input-files.xcfilelist",
			);
			name = "[CP] Embed Pods Frameworks";
			outputFileListPaths = (
				"${PODS_ROOT}/Target Support Files/Pods-MyWall/Pods-MyWall-frameworks-${CONFIGURATION}-output-files.xcfilelist",
			);
			runOnlyForDeploymentPostprocessing = 0;
			shellPath = /bin/sh;
			shellScript = "\"${PODS_ROOT}/Target Support Files/Pods-MyWall/Pods-MyWall-frameworks.sh\"\n";
			showEnvVarsInLog = 0;
		};
		FF761A46474BB2011A66753B /* [CP] Check Pods Manifest.lock */ = {
			isa = PBXShellScriptBuildPhase;
			buildActionMask = 2147483647;
			files = (
			);
			inputFileListPaths = (
			);
			inputPaths = (
				"${PODS_PODFILE_DIR_PATH}/Podfile.lock",
				"${PODS_ROOT}/Manifest.lock",
			);
			name = "[CP] Check Pods Manifest.lock";
			outputFileListPaths = (
			);
			outputPaths = (
				"$(DERIVED_FILE_DIR)/Pods-MyWall-checkManifestLockResult.txt",
			);
			runOnlyForDeploymentPostprocessing = 0;
			shellPath = /bin/sh;
			shellScript = "diff \"${PODS_PODFILE_DIR_PATH}/Podfile.lock\" \"${PODS_ROOT}/Manifest.lock\" > /dev/null\nif [ $? != 0 ] ; then\n    # print error to STDERR\n    echo \"error: The sandbox is not in sync with the Podfile.lock. Run 'pod install' or update your CocoaPods installation.\" >&2\n    exit 1\nfi\n# This output is used by Xcode 'outputs' to avoid re-running this script phase.\necho \"SUCCESS\" > \"${SCRIPT_OUTPUT_FILE_0}\"\n";
			showEnvVarsInLog = 0;
		};
/* End PBXShellScriptBuildPhase section */

/* Begin PBXSourcesBuildPhase section */
		3469559923F420D000DCDC68 /* Sources */ = {
			isa = PBXSourcesBuildPhase;
			buildActionMask = 2147483647;
			files = (
				346955A523F420D000DCDC68 /* ViewController.swift in Sources */,
				346955A123F420D000DCDC68 /* AppDelegate.swift in Sources */,
				346955B723F42ED300DCDC68 /* SceneDelegate.swift in Sources */,
			);
			runOnlyForDeploymentPostprocessing = 0;
		};
/* End PBXSourcesBuildPhase section */

/* Begin PBXVariantGroup section */
		346955A623F420D000DCDC68 /* Main.storyboard */ = {
			isa = PBXVariantGroup;
			children = (
				346955A723F420D000DCDC68 /* Base */,
			);
			name = Main.storyboard;
			sourceTree = "<group>";
		};
		346955AB23F420D100DCDC68 /* LaunchScreen.storyboard */ = {
			isa = PBXVariantGroup;
			children = (
				346955AC23F420D100DCDC68 /* Base */,
			);
			name = LaunchScreen.storyboard;
			sourceTree = "<group>";
		};
/* End PBXVariantGroup section */

/* Begin XCBuildConfiguration section */
		346955AF23F420D100DCDC68 /* Debug */ = {
			isa = XCBuildConfiguration;
			buildSettings = {
				ALWAYS_SEARCH_USER_PATHS = NO;
				CLANG_ANALYZER_NONNULL = YES;
				CLANG_ANALYZER_NUMBER_OBJECT_CONVERSION = YES_AGGRESSIVE;
				CLANG_CXX_LANGUAGE_STANDARD = "gnu++14";
				CLANG_CXX_LIBRARY = "libc++";
				CLANG_ENABLE_MODULES = YES;
				CLANG_ENABLE_OBJC_ARC = YES;
				CLANG_ENABLE_OBJC_WEAK = YES;
				CLANG_WARN_BLOCK_CAPTURE_AUTORELEASING = YES;
				CLANG_WARN_BOOL_CONVERSION = YES;
				CLANG_WARN_COMMA = YES;
				CLANG_WARN_CONSTANT_CONVERSION = YES;
				CLANG_WARN_DEPRECATED_OBJC_IMPLEMENTATIONS = YES;
				CLANG_WARN_DIRECT_OBJC_ISA_USAGE = YES_ERROR;
				CLANG_WARN_DOCUMENTATION_COMMENTS = YES;
				CLANG_WARN_EMPTY_BODY = YES;
				CLANG_WARN_ENUM_CONVERSION = YES;
				CLANG_WARN_INFINITE_RECURSION = YES;
				CLANG_WARN_INT_CONVERSION = YES;
				CLANG_WARN_NON_LITERAL_NULL_CONVERSION = YES;
				CLANG_WARN_OBJC_IMPLICIT_RETAIN_SELF = YES;
				CLANG_WARN_OBJC_LITERAL_CONVERSION = YES;
				CLANG_WARN_OBJC_ROOT_CLASS = YES_ERROR;
				CLANG_WARN_RANGE_LOOP_ANALYSIS = YES;
				CLANG_WARN_STRICT_PROTOTYPES = YES;
				CLANG_WARN_SUSPICIOUS_MOVE = YES;
				CLANG_WARN_UNGUARDED_AVAILABILITY = YES_AGGRESSIVE;
				CLANG_WARN_UNREACHABLE_CODE = YES;
				CLANG_WARN__DUPLICATE_METHOD_MATCH = YES;
				COPY_PHASE_STRIP = NO;
				DEBUG_INFORMATION_FORMAT = dwarf;
				ENABLE_STRICT_OBJC_MSGSEND = YES;
				ENABLE_TESTABILITY = YES;
				GCC_C_LANGUAGE_STANDARD = gnu11;
				GCC_DYNAMIC_NO_PIC = NO;
				GCC_NO_COMMON_BLOCKS = YES;
				GCC_OPTIMIZATION_LEVEL = 0;
				GCC_PREPROCESSOR_DEFINITIONS = (
					"DEBUG=1",
					"$(inherited)",
				);
				GCC_WARN_64_TO_32_BIT_CONVERSION = YES;
				GCC_WARN_ABOUT_RETURN_TYPE = YES_ERROR;
				GCC_WARN_UNDECLARED_SELECTOR = YES;
				GCC_WARN_UNINITIALIZED_AUTOS = YES_AGGRESSIVE;
				GCC_WARN_UNUSED_FUNCTION = YES;
				GCC_WARN_UNUSED_VARIABLE = YES;
				IPHONEOS_DEPLOYMENT_TARGET = 13.2;
				MTL_ENABLE_DEBUG_INFO = INCLUDE_SOURCE;
				MTL_FAST_MATH = YES;
				ONLY_ACTIVE_ARCH = YES;
				SDKROOT = iphoneos;
				SWIFT_ACTIVE_COMPILATION_CONDITIONS = DEBUG;
				SWIFT_OPTIMIZATION_LEVEL = "-Onone";
			};
			name = Debug;
		};
		346955B023F420D100DCDC68 /* Release */ = {
			isa = XCBuildConfiguration;
			buildSettings = {
				ALWAYS_SEARCH_USER_PATHS = NO;
				CLANG_ANALYZER_NONNULL = YES;
				CLANG_ANALYZER_NUMBER_OBJECT_CONVERSION = YES_AGGRESSIVE;
				CLANG_CXX_LANGUAGE_STANDARD = "gnu++14";
				CLANG_CXX_LIBRARY = "libc++";
				CLANG_ENABLE_MODULES = YES;
				CLANG_ENABLE_OBJC_ARC = YES;
				CLANG_ENABLE_OBJC_WEAK = YES;
				CLANG_WARN_BLOCK_CAPTURE_AUTORELEASING = YES;
				CLANG_WARN_BOOL_CONVERSION = YES;
				CLANG_WARN_COMMA = YES;
				CLANG_WARN_CONSTANT_CONVERSION = YES;
				CLANG_WARN_DEPRECATED_OBJC_IMPLEMENTATIONS = YES;
				CLANG_WARN_DIRECT_OBJC_ISA_USAGE = YES_ERROR;
				CLANG_WARN_DOCUMENTATION_COMMENTS = YES;
				CLANG_WARN_EMPTY_BODY = YES;
				CLANG_WARN_ENUM_CONVERSION = YES;
				CLANG_WARN_INFINITE_RECURSION = YES;
				CLANG_WARN_INT_CONVERSION = YES;
				CLANG_WARN_NON_LITERAL_NULL_CONVERSION = YES;
				CLANG_WARN_OBJC_IMPLICIT_RETAIN_SELF = YES;
				CLANG_WARN_OBJC_LITERAL_CONVERSION = YES;
				CLANG_WARN_OBJC_ROOT_CLASS = YES_ERROR;
				CLANG_WARN_RANGE_LOOP_ANALYSIS = YES;
				CLANG_WARN_STRICT_PROTOTYPES = YES;
				CLANG_WARN_SUSPICIOUS_MOVE = YES;
				CLANG_WARN_UNGUARDED_AVAILABILITY = YES_AGGRESSIVE;
				CLANG_WARN_UNREACHABLE_CODE = YES;
				CLANG_WARN__DUPLICATE_METHOD_MATCH = YES;
				COPY_PHASE_STRIP = NO;
				DEBUG_INFORMATION_FORMAT = "dwarf-with-dsym";
				ENABLE_NS_ASSERTIONS = NO;
				ENABLE_STRICT_OBJC_MSGSEND = YES;
				GCC_C_LANGUAGE_STANDARD = gnu11;
				GCC_NO_COMMON_BLOCKS = YES;
				GCC_WARN_64_TO_32_BIT_CONVERSION = YES;
				GCC_WARN_ABOUT_RETURN_TYPE = YES_ERROR;
				GCC_WARN_UNDECLARED_SELECTOR = YES;
				GCC_WARN_UNINITIALIZED_AUTOS = YES_AGGRESSIVE;
				GCC_WARN_UNUSED_FUNCTION = YES;
				GCC_WARN_UNUSED_VARIABLE = YES;
				IPHONEOS_DEPLOYMENT_TARGET = 13.2;
				MTL_ENABLE_DEBUG_INFO = NO;
				MTL_FAST_MATH = YES;
				SDKROOT = iphoneos;
				SWIFT_COMPILATION_MODE = wholemodule;
				SWIFT_OPTIMIZATION_LEVEL = "-O";
				VALIDATE_PRODUCT = YES;
			};
			name = Release;
		};
		346955B223F420D100DCDC68 /* Debug */ = {
			isa = XCBuildConfiguration;
			baseConfigurationReference = 14CB56082D408B3722DA523E /* Pods-MyWall.debug.xcconfig */;
			buildSettings = {
				ASSETCATALOG_COMPILER_APPICON_NAME = AppIcon;
				CODE_SIGN_STYLE = Automatic;
				DEVELOPMENT_TEAM = 6U7LF4SBFR;
				INFOPLIST_FILE = MyWall/Info.plist;
				LD_RUNPATH_SEARCH_PATHS = (
					"$(inherited)",
					"@executable_path/Frameworks",
				);
				PRODUCT_BUNDLE_IDENTIFIER = diploma.MyWall;
				PRODUCT_NAME = "$(TARGET_NAME)";
				SWIFT_VERSION = 5.0;
				TARGETED_DEVICE_FAMILY = "1,2";
			};
			name = Debug;
		};
		346955B323F420D100DCDC68 /* Release */ = {
			isa = XCBuildConfiguration;
			baseConfigurationReference = EB3D2C330C45B10EDA647900 /* Pods-MyWall.release.xcconfig */;
			buildSettings = {
				ASSETCATALOG_COMPILER_APPICON_NAME = AppIcon;
				CODE_SIGN_STYLE = Automatic;
				DEVELOPMENT_TEAM = 6U7LF4SBFR;
				INFOPLIST_FILE = MyWall/Info.plist;
				LD_RUNPATH_SEARCH_PATHS = (
					"$(inherited)",
					"@executable_path/Frameworks",
				);
				PRODUCT_BUNDLE_IDENTIFIER = diploma.MyWall;
				PRODUCT_NAME = "$(TARGET_NAME)";
				SWIFT_VERSION = 5.0;
				TARGETED_DEVICE_FAMILY = "1,2";
			};
			name = Release;
		};
/* End XCBuildConfiguration section */

/* Begin XCConfigurationList section */
		3469559823F420D000DCDC68 /* Build configuration list for PBXProject "MyWall" */ = {
			isa = XCConfigurationList;
			buildConfigurations = (
				346955AF23F420D100DCDC68 /* Debug */,
				346955B023F420D100DCDC68 /* Release */,
			);
			defaultConfigurationIsVisible = 0;
			defaultConfigurationName = Release;
		};
		346955B123F420D100DCDC68 /* Build configuration list for PBXNativeTarget "MyWall" */ = {
			isa = XCConfigurationList;
			buildConfigurations = (
				346955B223F420D100DCDC68 /* Debug */,
				346955B323F420D100DCDC68 /* Release */,
			);
			defaultConfigurationIsVisible = 0;
			defaultConfigurationName = Release;
		};
/* End XCConfigurationList section */
	};
	rootObject = 3469559523F420D000DCDC68 /* Project object */;
}
